schema: '2.0'
stages:
  evaluate_model:
    cmd: python scripts/evaluate.py
    deps:
    - path: models/fitted_model.pkl
      hash: md5
      md5: c230229cdfadd7df1aae4fec36cdff93
      size: 11438
    - path: scripts/evaluate.py
      hash: md5
      md5: 0732cdf2f220ef83a3a3de8e5cb31bc1
      size: 1434
    params:
      params.yaml:
        retain: true
    outs:
    - path: cv_results/cv_res.json
      hash: md5
      md5: 5aae1b57f3e8101add396134c2b534a7
      size: 77
      cloud:
        my_storage:
          etag: 5aae1b57f3e8101add396134c2b534a7
          version_id: 000638DC9FB75021
  get_data:
    cmd: python scripts/data.py
    deps:
    - path: scripts/data.py
      hash: md5
      md5: 2962efaf2f69449741599fe473d95bfb
      size: 1496
    params:
      params.yaml:
        retain: true
    outs:
    - path: data/initial_data.csv
      hash: md5
      md5: 05afae8efd351979d40d5dfc0b07af9f
      size: 815076
      cloud:
        my_storage:
          etag: 05afae8efd351979d40d5dfc0b07af9f
          version_id: 000638B357813560
  fit_model:
    cmd: python scripts/fit.py
    deps:
    - path: data/initial_data.csv
      hash: md5
      md5: 05afae8efd351979d40d5dfc0b07af9f
      size: 815076
    - path: scripts/fit.py
      hash: md5
      md5: 50e1e1ac2dce117a358460196414310b
      size: 2322
    params:
      params.yaml:
        retain: true
    outs:
    - path: models/fitted_model.pkl
      hash: md5
      md5: c230229cdfadd7df1aae4fec36cdff93
      size: 11438
      cloud:
        my_storage:
          etag: c230229cdfadd7df1aae4fec36cdff93
          version_id: 000638DC9FB7C9F5
